
Microsoft Visual Studio Solution File, Format Version 12.00
# Visual Studio Version 16
VisualStudioVersion = 16.0.30907.101
MinimumVisualStudioVersion = 10.0.40219.1
Project("{9A19103F-16F7-4668-BE54-9A1E7A4F7556}") = "ITB1704Application", "ITB1704Application.csproj", "{91982F3C-CA5B-468D-9274-76F994BDC08B}"
EndProject
Global
	GlobalSection(SolutionConfigurationPlatforms) = preSolution
		Debug|Any CPU = Debug|Any CPU
		Release|Any CPU = Release|Any CPU
	EndGlobalSection
	GlobalSection(ProjectConfigurationPlatforms) = postSolution
		{91982F3C-CA5B-468D-9274-76F994BDC08B}.Debug|Any CPU.ActiveCfg = Debug|Any CPU
		{91982F3C-CA5B-468D-9274-76F994BDC08B}.Debug|Any CPU.Build.0 = Debug|Any CPU
		{91982F3C-CA5B-468D-9274-76F994BDC08B}.Release|Any CPU.ActiveCfg = Release|Any CPU
		{91982F3C-CA5B-468D-9274-76F994BDC08B}.Release|Any CPU.Build.0 = Release|Any CPU
	EndGlobalSection
	GlobalSection(SolutionProperties) = preSolution
		HideSolutionNode = FALSE
	EndGlobalSection
	GlobalSection(ExtensibilityGlobals) = postSolution
		SolutionGuid = {4B514FF1-4610-4A55-B0EF-547F4968F5E2}
	EndGlobalSection
EndGlobal
